// !$*UTF8*$!
{
	archiveVersion = 1;
	classes = {
	};
	objectVersion = 56;
	objects = {

/* Begin PBXBuildFile section */
		009D8C5B2A813EB10031D5E1 /* HomeRepository.swift in Sources */ = {isa = PBXBuildFile; fileRef = 009D8C5A2A813EB10031D5E1 /* HomeRepository.swift */; };
		009D8C5D2A813EC00031D5E1 /* HomeRemoteDataSource.swift in Sources */ = {isa = PBXBuildFile; fileRef = 009D8C5C2A813EC00031D5E1 /* HomeRemoteDataSource.swift */; };
		009D8C5F2A813F5A0031D5E1 /* RxAlamofireHelper.swift in Sources */ = {isa = PBXBuildFile; fileRef = 009D8C5E2A813F5A0031D5E1 /* RxAlamofireHelper.swift */; };
		009D8C612A8143600031D5E1 /* PokemonDao.swift in Sources */ = {isa = PBXBuildFile; fileRef = 009D8C602A8143600031D5E1 /* PokemonDao.swift */; };
		009D8C652A8143CC0031D5E1 /* HomeRouter.swift in Sources */ = {isa = PBXBuildFile; fileRef = 009D8C642A8143CC0031D5E1 /* HomeRouter.swift */; };
		009D8C672A8143D70031D5E1 /* HomeUseCase.swift in Sources */ = {isa = PBXBuildFile; fileRef = 009D8C662A8143D70031D5E1 /* HomeUseCase.swift */; };
		009D8C6B2A8144050031D5E1 /* HomeViewModel.swift in Sources */ = {isa = PBXBuildFile; fileRef = 009D8C6A2A8144050031D5E1 /* HomeViewModel.swift */; };
		00E14B242A80AA3800499498 /* DetailViewModel.swift in Sources */ = {isa = PBXBuildFile; fileRef = 00E14B232A80AA3800499498 /* DetailViewModel.swift */; };
		00E76B6F2A7FF44400737136 /* AppDelegate.swift in Sources */ = {isa = PBXBuildFile; fileRef = 00E76B6E2A7FF44400737136 /* AppDelegate.swift */; };
		00E76B712A7FF44400737136 /* SceneDelegate.swift in Sources */ = {isa = PBXBuildFile; fileRef = 00E76B702A7FF44400737136 /* SceneDelegate.swift */; };
		00E76B782A7FF44600737136 /* Assets.xcassets in Resources */ = {isa = PBXBuildFile; fileRef = 00E76B772A7FF44600737136 /* Assets.xcassets */; };
		00E76B7B2A7FF44600737136 /* LaunchScreen.storyboard in Resources */ = {isa = PBXBuildFile; fileRef = 00E76B792A7FF44600737136 /* LaunchScreen.storyboard */; };
		00E76B852A7FF4DF00737136 /* HomeVC.swift in Sources */ = {isa = PBXBuildFile; fileRef = 00E76B832A7FF4DF00737136 /* HomeVC.swift */; };
		00E76B862A7FF4DF00737136 /* HomeVC.xib in Resources */ = {isa = PBXBuildFile; fileRef = 00E76B842A7FF4DF00737136 /* HomeVC.xib */; };
		00E76B892A7FF71E00737136 /* PokemonListCell.swift in Sources */ = {isa = PBXBuildFile; fileRef = 00E76B872A7FF71E00737136 /* PokemonListCell.swift */; };
		00E76B8A2A7FF71E00737136 /* PokemonListCell.xib in Resources */ = {isa = PBXBuildFile; fileRef = 00E76B882A7FF71E00737136 /* PokemonListCell.xib */; };
		00E76B8C2A800E9400737136 /* PokemonModel.swift in Sources */ = {isa = PBXBuildFile; fileRef = 00E76B8B2A800E9400737136 /* PokemonModel.swift */; };
		00E76B912A80114600737136 /* SearchVC.swift in Sources */ = {isa = PBXBuildFile; fileRef = 00E76B8F2A80114600737136 /* SearchVC.swift */; };
		00E76B922A80114600737136 /* SearchVC.xib in Resources */ = {isa = PBXBuildFile; fileRef = 00E76B902A80114600737136 /* SearchVC.xib */; };
		00E76B952A80115800737136 /* DetailVC.swift in Sources */ = {isa = PBXBuildFile; fileRef = 00E76B932A80115800737136 /* DetailVC.swift */; };
		00E76B962A80115800737136 /* DetailVC.xib in Resources */ = {isa = PBXBuildFile; fileRef = 00E76B942A80115800737136 /* DetailVC.xib */; };
		8C2034D1CD1095F0E77073C7 /* Pods_PokemonTCG.framework in Frameworks */ = {isa = PBXBuildFile; fileRef = 4194233DC0BC95A8A6EB53C5 /* Pods_PokemonTCG.framework */; };
/* End PBXBuildFile section */

/* Begin PBXFileReference section */
		009D8C5A2A813EB10031D5E1 /* HomeRepository.swift */ = {isa = PBXFileReference; lastKnownFileType = sourcecode.swift; path = HomeRepository.swift; sourceTree = "<group>"; };
		009D8C5C2A813EC00031D5E1 /* HomeRemoteDataSource.swift */ = {isa = PBXFileReference; lastKnownFileType = sourcecode.swift; path = HomeRemoteDataSource.swift; sourceTree = "<group>"; };
		009D8C5E2A813F5A0031D5E1 /* RxAlamofireHelper.swift */ = {isa = PBXFileReference; lastKnownFileType = sourcecode.swift; path = RxAlamofireHelper.swift; sourceTree = "<group>"; };
		009D8C602A8143600031D5E1 /* PokemonDao.swift */ = {isa = PBXFileReference; lastKnownFileType = sourcecode.swift; path = PokemonDao.swift; sourceTree = "<group>"; };
		009D8C642A8143CC0031D5E1 /* HomeRouter.swift */ = {isa = PBXFileReference; lastKnownFileType = sourcecode.swift; path = HomeRouter.swift; sourceTree = "<group>"; };
		009D8C662A8143D70031D5E1 /* HomeUseCase.swift */ = {isa = PBXFileReference; lastKnownFileType = sourcecode.swift; path = HomeUseCase.swift; sourceTree = "<group>"; };
		009D8C6A2A8144050031D5E1 /* HomeViewModel.swift */ = {isa = PBXFileReference; lastKnownFileType = sourcecode.swift; path = HomeViewModel.swift; sourceTree = "<group>"; };
		00E14B232A80AA3800499498 /* DetailViewModel.swift */ = {isa = PBXFileReference; lastKnownFileType = sourcecode.swift; path = DetailViewModel.swift; sourceTree = "<group>"; };
		00E76B6B2A7FF44400737136 /* PokemonTCG.app */ = {isa = PBXFileReference; explicitFileType = wrapper.application; includeInIndex = 0; path = PokemonTCG.app; sourceTree = BUILT_PRODUCTS_DIR; };
		00E76B6E2A7FF44400737136 /* AppDelegate.swift */ = {isa = PBXFileReference; lastKnownFileType = sourcecode.swift; path = AppDelegate.swift; sourceTree = "<group>"; };
		00E76B702A7FF44400737136 /* SceneDelegate.swift */ = {isa = PBXFileReference; lastKnownFileType = sourcecode.swift; path = SceneDelegate.swift; sourceTree = "<group>"; };
		00E76B772A7FF44600737136 /* Assets.xcassets */ = {isa = PBXFileReference; lastKnownFileType = folder.assetcatalog; path = Assets.xcassets; sourceTree = "<group>"; };
		00E76B7A2A7FF44600737136 /* Base */ = {isa = PBXFileReference; lastKnownFileType = file.storyboard; name = Base; path = Base.lproj/LaunchScreen.storyboard; sourceTree = "<group>"; };
		00E76B7C2A7FF44600737136 /* Info.plist */ = {isa = PBXFileReference; lastKnownFileType = text.plist.xml; path = Info.plist; sourceTree = "<group>"; };
		00E76B832A7FF4DF00737136 /* HomeVC.swift */ = {isa = PBXFileReference; lastKnownFileType = sourcecode.swift; path = HomeVC.swift; sourceTree = "<group>"; };
		00E76B842A7FF4DF00737136 /* HomeVC.xib */ = {isa = PBXFileReference; lastKnownFileType = file.xib; path = HomeVC.xib; sourceTree = "<group>"; };
		00E76B872A7FF71E00737136 /* PokemonListCell.swift */ = {isa = PBXFileReference; lastKnownFileType = sourcecode.swift; path = PokemonListCell.swift; sourceTree = "<group>"; };
		00E76B882A7FF71E00737136 /* PokemonListCell.xib */ = {isa = PBXFileReference; lastKnownFileType = file.xib; path = PokemonListCell.xib; sourceTree = "<group>"; };
		00E76B8B2A800E9400737136 /* PokemonModel.swift */ = {isa = PBXFileReference; lastKnownFileType = sourcecode.swift; path = PokemonModel.swift; sourceTree = "<group>"; };
		00E76B8F2A80114600737136 /* SearchVC.swift */ = {isa = PBXFileReference; lastKnownFileType = sourcecode.swift; path = SearchVC.swift; sourceTree = "<group>"; };
		00E76B902A80114600737136 /* SearchVC.xib */ = {isa = PBXFileReference; lastKnownFileType = file.xib; path = SearchVC.xib; sourceTree = "<group>"; };
		00E76B932A80115800737136 /* DetailVC.swift */ = {isa = PBXFileReference; lastKnownFileType = sourcecode.swift; path = DetailVC.swift; sourceTree = "<group>"; };
		00E76B942A80115800737136 /* DetailVC.xib */ = {isa = PBXFileReference; lastKnownFileType = file.xib; path = DetailVC.xib; sourceTree = "<group>"; };
		4194233DC0BC95A8A6EB53C5 /* Pods_PokemonTCG.framework */ = {isa = PBXFileReference; explicitFileType = wrapper.framework; includeInIndex = 0; path = Pods_PokemonTCG.framework; sourceTree = BUILT_PRODUCTS_DIR; };
		66F58A5E809CB4500832CF4B /* Pods-PokemonTCG.release.xcconfig */ = {isa = PBXFileReference; includeInIndex = 1; lastKnownFileType = text.xcconfig; name = "Pods-PokemonTCG.release.xcconfig"; path = "Target Support Files/Pods-PokemonTCG/Pods-PokemonTCG.release.xcconfig"; sourceTree = "<group>"; };
		82F830D1A67147B0044543FE /* Pods-PokemonTCG.debug.xcconfig */ = {isa = PBXFileReference; includeInIndex = 1; lastKnownFileType = text.xcconfig; name = "Pods-PokemonTCG.debug.xcconfig"; path = "Target Support Files/Pods-PokemonTCG/Pods-PokemonTCG.debug.xcconfig"; sourceTree = "<group>"; };
/* End PBXFileReference section */

/* Begin PBXFrameworksBuildPhase section */
		00E76B682A7FF44400737136 /* Frameworks */ = {
			isa = PBXFrameworksBuildPhase;
			buildActionMask = 2147483647;
			files = (
				8C2034D1CD1095F0E77073C7 /* Pods_PokemonTCG.framework in Frameworks */,
			);
			runOnlyForDeploymentPostprocessing = 0;
		};
/* End PBXFrameworksBuildPhase section */

/* Begin PBXGroup section */
		009D8C582A813E920031D5E1 /* Repository */ = {
			isa = PBXGroup;
			children = (
				009D8C592A813E9D0031D5E1 /* Remote */,
				009D8C5A2A813EB10031D5E1 /* HomeRepository.swift */,
			);
			path = Repository;
			sourceTree = "<group>";
		};
		009D8C592A813E9D0031D5E1 /* Remote */ = {
			isa = PBXGroup;
			children = (
				009D8C5C2A813EC00031D5E1 /* HomeRemoteDataSource.swift */,
			);
			path = Remote;
			sourceTree = "<group>";
		};
		009D8C622A8143B10031D5E1 /* UseCase */ = {
			isa = PBXGroup;
			children = (
				009D8C662A8143D70031D5E1 /* HomeUseCase.swift */,
			);
			path = UseCase;
			sourceTree = "<group>";
		};
		009D8C632A8143B70031D5E1 /* Router */ = {
			isa = PBXGroup;
			children = (
				009D8C642A8143CC0031D5E1 /* HomeRouter.swift */,
			);
			path = Router;
			sourceTree = "<group>";
		};
		009D8C682A8143DF0031D5E1 /* View */ = {
			isa = PBXGroup;
			children = (
				00E76B882A7FF71E00737136 /* PokemonListCell.xib */,
				00E76B872A7FF71E00737136 /* PokemonListCell.swift */,
				00E76B842A7FF4DF00737136 /* HomeVC.xib */,
				00E76B832A7FF4DF00737136 /* HomeVC.swift */,
			);
			path = View;
			sourceTree = "<group>";
		};
		009D8C692A8143E60031D5E1 /* ViewModel */ = {
			isa = PBXGroup;
			children = (
				009D8C6A2A8144050031D5E1 /* HomeViewModel.swift */,
			);
			path = ViewModel;
			sourceTree = "<group>";
		};
		00DD70062A81CE4300770E55 /* Dao */ = {
			isa = PBXGroup;
			children = (
				009D8C602A8143600031D5E1 /* PokemonDao.swift */,
			);
			path = Dao;
			sourceTree = "<group>";
		};
		00DD70072A81CE8A00770E55 /* Entity */ = {
			isa = PBXGroup;
			children = (
				00E76B8B2A800E9400737136 /* PokemonModel.swift */,
			);
			path = Entity;
			sourceTree = "<group>";
		};
		00DD70082A81CEA400770E55 /* External */ = {
			isa = PBXGroup;
			children = (
				009D8C5E2A813F5A0031D5E1 /* RxAlamofireHelper.swift */,
			);
			path = External;
			sourceTree = "<group>";
		};
		00E14B172A80A94E00499498 /* Presentation */ = {
			isa = PBXGroup;
			children = (
				00E14B1B2A80A97200499498 /* ViewModel */,
				00E14B1A2A80A96B00499498 /* View */,
			);
			path = Presentation;
			sourceTree = "<group>";
		};
		00E14B182A80A95900499498 /* Domain */ = {
			isa = PBXGroup;
			children = (
				00E14B222A80A9D700499498 /* Router */,
				00E14B1F2A80A9A800499498 /* UseCase */,
			);
			path = Domain;
			sourceTree = "<group>";
		};
		00E14B192A80A96200499498 /* Data */ = {
			isa = PBXGroup;
			children = (
				00E14B212A80A9CB00499498 /* Remote */,
				00E14B202A80A9B900499498 /* Repository */,
			);
			path = Data;
			sourceTree = "<group>";
		};
		00E14B1A2A80A96B00499498 /* View */ = {
			isa = PBXGroup;
			children = (
				00E76B942A80115800737136 /* DetailVC.xib */,
				00E76B932A80115800737136 /* DetailVC.swift */,
			);
			path = View;
			sourceTree = "<group>";
		};
		00E14B1B2A80A97200499498 /* ViewModel */ = {
			isa = PBXGroup;
			children = (
				00E14B232A80AA3800499498 /* DetailViewModel.swift */,
			);
			path = ViewModel;
			sourceTree = "<group>";
		};
		00E14B1C2A80A98500499498 /* Presentation */ = {
			isa = PBXGroup;
			children = (
			);
			path = Presentation;
			sourceTree = "<group>";
		};
		00E14B1D2A80A98E00499498 /* Domain */ = {
			isa = PBXGroup;
			children = (
			);
			path = Domain;
			sourceTree = "<group>";
		};
		00E14B1E2A80A99700499498 /* Data */ = {
			isa = PBXGroup;
			children = (
			);
			path = Data;
			sourceTree = "<group>";
		};
		00E14B1F2A80A9A800499498 /* UseCase */ = {
			isa = PBXGroup;
			children = (
			);
			path = UseCase;
			sourceTree = "<group>";
		};
		00E14B202A80A9B900499498 /* Repository */ = {
			isa = PBXGroup;
			children = (
			);
			path = Repository;
			sourceTree = "<group>";
		};
		00E14B212A80A9CB00499498 /* Remote */ = {
			isa = PBXGroup;
			children = (
			);
			path = Remote;
			sourceTree = "<group>";
		};
		00E14B222A80A9D700499498 /* Router */ = {
			isa = PBXGroup;
			children = (
			);
			path = Router;
			sourceTree = "<group>";
		};
		00E14B252A80AD7F00499498 /* Presentation */ = {
			isa = PBXGroup;
			children = (
				009D8C692A8143E60031D5E1 /* ViewModel */,
				009D8C682A8143DF0031D5E1 /* View */,
			);
			path = Presentation;
			sourceTree = "<group>";
		};
		00E14B262A80AD8C00499498 /* Domain */ = {
			isa = PBXGroup;
			children = (
				00DD70072A81CE8A00770E55 /* Entity */,
				009D8C632A8143B70031D5E1 /* Router */,
				009D8C622A8143B10031D5E1 /* UseCase */,
			);
			path = Domain;
			sourceTree = "<group>";
		};
		00E14B272A80AD9300499498 /* Data */ = {
			isa = PBXGroup;
			children = (
				00DD70062A81CE4300770E55 /* Dao */,
				009D8C582A813E920031D5E1 /* Repository */,
			);
			path = Data;
			sourceTree = "<group>";
		};
		00E76B622A7FF44400737136 = {
			isa = PBXGroup;
			children = (
				00E76B6D2A7FF44400737136 /* PokemonTCG */,
				00E76B6C2A7FF44400737136 /* Products */,
				4D4C99EED5DA6827C19AB874 /* Pods */,
				7D4A116A6A188D9768565DE6 /* Frameworks */,
			);
			sourceTree = "<group>";
		};
		00E76B6C2A7FF44400737136 /* Products */ = {
			isa = PBXGroup;
			children = (
				00E76B6B2A7FF44400737136 /* PokemonTCG.app */,
			);
			name = Products;
			sourceTree = "<group>";
		};
		00E76B6D2A7FF44400737136 /* PokemonTCG */ = {
			isa = PBXGroup;
			children = (
				00DD70082A81CEA400770E55 /* External */,
				00E76B8E2A80112100737136 /* Detail */,
				00E76B8D2A80111700737136 /* Search */,
				00E76B822A7FF4AB00737136 /* Home */,
				00E76B6E2A7FF44400737136 /* AppDelegate.swift */,
				00E76B702A7FF44400737136 /* SceneDelegate.swift */,
				00E76B772A7FF44600737136 /* Assets.xcassets */,
				00E76B792A7FF44600737136 /* LaunchScreen.storyboard */,
				00E76B7C2A7FF44600737136 /* Info.plist */,
			);
			path = PokemonTCG;
			sourceTree = "<group>";
		};
		00E76B822A7FF4AB00737136 /* Home */ = {
			isa = PBXGroup;
			children = (
				00E14B272A80AD9300499498 /* Data */,
				00E14B262A80AD8C00499498 /* Domain */,
				00E14B252A80AD7F00499498 /* Presentation */,
			);
			path = Home;
			sourceTree = "<group>";
		};
		00E76B8D2A80111700737136 /* Search */ = {
			isa = PBXGroup;
			children = (
				00E14B1E2A80A99700499498 /* Data */,
				00E14B1D2A80A98E00499498 /* Domain */,
				00E14B1C2A80A98500499498 /* Presentation */,
				00E76B8F2A80114600737136 /* SearchVC.swift */,
				00E76B902A80114600737136 /* SearchVC.xib */,
			);
			path = Search;
			sourceTree = "<group>";
		};
		00E76B8E2A80112100737136 /* Detail */ = {
			isa = PBXGroup;
			children = (
				00E14B192A80A96200499498 /* Data */,
				00E14B182A80A95900499498 /* Domain */,
				00E14B172A80A94E00499498 /* Presentation */,
			);
			path = Detail;
			sourceTree = "<group>";
		};
		4D4C99EED5DA6827C19AB874 /* Pods */ = {
			isa = PBXGroup;
			children = (
				82F830D1A67147B0044543FE /* Pods-PokemonTCG.debug.xcconfig */,
				66F58A5E809CB4500832CF4B /* Pods-PokemonTCG.release.xcconfig */,
			);
			path = Pods;
			sourceTree = "<group>";
		};
		7D4A116A6A188D9768565DE6 /* Frameworks */ = {
			isa = PBXGroup;
			children = (
				4194233DC0BC95A8A6EB53C5 /* Pods_PokemonTCG.framework */,
			);
			name = Frameworks;
			sourceTree = "<group>";
		};
/* End PBXGroup section */

/* Begin PBXNativeTarget section */
		00E76B6A2A7FF44400737136 /* PokemonTCG */ = {
			isa = PBXNativeTarget;
			buildConfigurationList = 00E76B7F2A7FF44600737136 /* Build configuration list for PBXNativeTarget "PokemonTCG" */;
			buildPhases = (
				60FD5628B7D606C253DD1301 /* [CP] Check Pods Manifest.lock */,
				00E76B672A7FF44400737136 /* Sources */,
				00E76B682A7FF44400737136 /* Frameworks */,
				00E76B692A7FF44400737136 /* Resources */,
				0B1D54809EB58F21DD263C84 /* [CP] Embed Pods Frameworks */,
			);
			buildRules = (
			);
			dependencies = (
			);
			name = PokemonTCG;
			productName = PokemonTCG;
			productReference = 00E76B6B2A7FF44400737136 /* PokemonTCG.app */;
			productType = "com.apple.product-type.application";
		};
/* End PBXNativeTarget section */

/* Begin PBXProject section */
		00E76B632A7FF44400737136 /* Project object */ = {
			isa = PBXProject;
			attributes = {
				BuildIndependentTargetsInParallel = 1;
				LastSwiftUpdateCheck = 1420;
				LastUpgradeCheck = 1420;
				TargetAttributes = {
					00E76B6A2A7FF44400737136 = {
						CreatedOnToolsVersion = 14.2;
					};
				};
			};
			buildConfigurationList = 00E76B662A7FF44400737136 /* Build configuration list for PBXProject "PokemonTCG" */;
			compatibilityVersion = "Xcode 14.0";
			developmentRegion = en;
			hasScannedForEncodings = 0;
			knownRegions = (
				en,
				Base,
			);
			mainGroup = 00E76B622A7FF44400737136;
			productRefGroup = 00E76B6C2A7FF44400737136 /* Products */;
			projectDirPath = "";
			projectRoot = "";
			targets = (
				00E76B6A2A7FF44400737136 /* PokemonTCG */,
			);
		};
/* End PBXProject section */

/* Begin PBXResourcesBuildPhase section */
		00E76B692A7FF44400737136 /* Resources */ = {
			isa = PBXResourcesBuildPhase;
			buildActionMask = 2147483647;
			files = (
				00E76B922A80114600737136 /* SearchVC.xib in Resources */,
				00E76B962A80115800737136 /* DetailVC.xib in Resources */,
				00E76B7B2A7FF44600737136 /* LaunchScreen.storyboard in Resources */,
				00E76B862A7FF4DF00737136 /* HomeVC.xib in Resources */,
				00E76B782A7FF44600737136 /* Assets.xcassets in Resources */,
				00E76B8A2A7FF71E00737136 /* PokemonListCell.xib in Resources */,
			);
			runOnlyForDeploymentPostprocessing = 0;
		};
/* End PBXResourcesBuildPhase section */

/* Begin PBXShellScriptBuildPhase section */
		0B1D54809EB58F21DD263C84 /* [CP] Embed Pods Frameworks */ = {
			isa = PBXShellScriptBuildPhase;
			buildActionMask = 2147483647;
			files = (
			);
			inputFileListPaths = (
				"${PODS_ROOT}/Target Support Files/Pods-PokemonTCG/Pods-PokemonTCG-frameworks-${CONFIGURATION}-input-files.xcfilelist",
			);
			name = "[CP] Embed Pods Frameworks";
			outputFileListPaths = (
				"${PODS_ROOT}/Target Support Files/Pods-PokemonTCG/Pods-PokemonTCG-frameworks-${CONFIGURATION}-output-files.xcfilelist",
			);
			runOnlyForDeploymentPostprocessing = 0;
			shellPath = /bin/sh;
			shellScript = "\"${PODS_ROOT}/Target Support Files/Pods-PokemonTCG/Pods-PokemonTCG-frameworks.sh\"\n";
			showEnvVarsInLog = 0;
		};
		60FD5628B7D606C253DD1301 /* [CP] Check Pods Manifest.lock */ = {
			isa = PBXShellScriptBuildPhase;
			buildActionMask = 2147483647;
			files = (
			);
			inputFileListPaths = (
			);
			inputPaths = (
				"${PODS_PODFILE_DIR_PATH}/Podfile.lock",
				"${PODS_ROOT}/Manifest.lock",
			);
			name = "[CP] Check Pods Manifest.lock";
			outputFileListPaths = (
			);
			outputPaths = (
				"$(DERIVED_FILE_DIR)/Pods-PokemonTCG-checkManifestLockResult.txt",
			);
			runOnlyForDeploymentPostprocessing = 0;
			shellPath = /bin/sh;
			shellScript = "diff \"${PODS_PODFILE_DIR_PATH}/Podfile.lock\" \"${PODS_ROOT}/Manifest.lock\" > /dev/null\nif [ $? != 0 ] ; then\n    # print error to STDERR\n    echo \"error: The sandbox is not in sync with the Podfile.lock. Run 'pod install' or update your CocoaPods installation.\" >&2\n    exit 1\nfi\n# This output is used by Xcode 'outputs' to avoid re-running this script phase.\necho \"SUCCESS\" > \"${SCRIPT_OUTPUT_FILE_0}\"\n";
			showEnvVarsInLog = 0;
		};
/* End PBXShellScriptBuildPhase section */

/* Begin PBXSourcesBuildPhase section */
		00E76B672A7FF44400737136 /* Sources */ = {
			isa = PBXSourcesBuildPhase;
			buildActionMask = 2147483647;
			files = (
				009D8C612A8143600031D5E1 /* PokemonDao.swift in Sources */,
				00E76B912A80114600737136 /* SearchVC.swift in Sources */,
				00E76B892A7FF71E00737136 /* PokemonListCell.swift in Sources */,
				00E76B852A7FF4DF00737136 /* HomeVC.swift in Sources */,
				009D8C5D2A813EC00031D5E1 /* HomeRemoteDataSource.swift in Sources */,
				009D8C5F2A813F5A0031D5E1 /* RxAlamofireHelper.swift in Sources */,
				009D8C652A8143CC0031D5E1 /* HomeRouter.swift in Sources */,
				00E76B6F2A7FF44400737136 /* AppDelegate.swift in Sources */,
				009D8C672A8143D70031D5E1 /* HomeUseCase.swift in Sources */,
				00E76B8C2A800E9400737136 /* PokemonModel.swift in Sources */,
				00E76B712A7FF44400737136 /* SceneDelegate.swift in Sources */,
				00E76B952A80115800737136 /* DetailVC.swift in Sources */,
				009D8C5B2A813EB10031D5E1 /* HomeRepository.swift in Sources */,
				009D8C6B2A8144050031D5E1 /* HomeViewModel.swift in Sources */,
				00E14B242A80AA3800499498 /* DetailViewModel.swift in Sources */,
			);
			runOnlyForDeploymentPostprocessing = 0;
		};
/* End PBXSourcesBuildPhase section */

/* Begin PBXVariantGroup section */
		00E76B792A7FF44600737136 /* LaunchScreen.storyboard */ = {
			isa = PBXVariantGroup;
			children = (
				00E76B7A2A7FF44600737136 /* Base */,
			);
			name = LaunchScreen.storyboard;
			sourceTree = "<group>";
		};
/* End PBXVariantGroup section */

/* Begin XCBuildConfiguration section */
		00E76B7D2A7FF44600737136 /* Debug */ = {
			isa = XCBuildConfiguration;
			buildSettings = {
				ALWAYS_SEARCH_USER_PATHS = NO;
				CLANG_ANALYZER_NONNULL = YES;
				CLANG_ANALYZER_NUMBER_OBJECT_CONVERSION = YES_AGGRESSIVE;
				CLANG_CXX_LANGUAGE_STANDARD = "gnu++20";
				CLANG_ENABLE_MODULES = YES;
				CLANG_ENABLE_OBJC_ARC = YES;
				CLANG_ENABLE_OBJC_WEAK = YES;
				CLANG_WARN_BLOCK_CAPTURE_AUTORELEASING = YES;
				CLANG_WARN_BOOL_CONVERSION = YES;
				CLANG_WARN_COMMA = YES;
				CLANG_WARN_CONSTANT_CONVERSION = YES;
				CLANG_WARN_DEPRECATED_OBJC_IMPLEMENTATIONS = YES;
				CLANG_WARN_DIRECT_OBJC_ISA_USAGE = YES_ERROR;
				CLANG_WARN_DOCUMENTATION_COMMENTS = YES;
				CLANG_WARN_EMPTY_BODY = YES;
				CLANG_WARN_ENUM_CONVERSION = YES;
				CLANG_WARN_INFINITE_RECURSION = YES;
				CLANG_WARN_INT_CONVERSION = YES;
				CLANG_WARN_NON_LITERAL_NULL_CONVERSION = YES;
				CLANG_WARN_OBJC_IMPLICIT_RETAIN_SELF = YES;
				CLANG_WARN_OBJC_LITERAL_CONVERSION = YES;
				CLANG_WARN_OBJC_ROOT_CLASS = YES_ERROR;
				CLANG_WARN_QUOTED_INCLUDE_IN_FRAMEWORK_HEADER = YES;
				CLANG_WARN_RANGE_LOOP_ANALYSIS = YES;
				CLANG_WARN_STRICT_PROTOTYPES = YES;
				CLANG_WARN_SUSPICIOUS_MOVE = YES;
				CLANG_WARN_UNGUARDED_AVAILABILITY = YES_AGGRESSIVE;
				CLANG_WARN_UNREACHABLE_CODE = YES;
				CLANG_WARN__DUPLICATE_METHOD_MATCH = YES;
				COPY_PHASE_STRIP = NO;
				DEBUG_INFORMATION_FORMAT = dwarf;
				ENABLE_STRICT_OBJC_MSGSEND = YES;
				ENABLE_TESTABILITY = YES;
				GCC_C_LANGUAGE_STANDARD = gnu11;
				GCC_DYNAMIC_NO_PIC = NO;
				GCC_NO_COMMON_BLOCKS = YES;
				GCC_OPTIMIZATION_LEVEL = 0;
				GCC_PREPROCESSOR_DEFINITIONS = (
					"DEBUG=1",
					"$(inherited)",
				);
				GCC_WARN_64_TO_32_BIT_CONVERSION = YES;
				GCC_WARN_ABOUT_RETURN_TYPE = YES_ERROR;
				GCC_WARN_UNDECLARED_SELECTOR = YES;
				GCC_WARN_UNINITIALIZED_AUTOS = YES_AGGRESSIVE;
				GCC_WARN_UNUSED_FUNCTION = YES;
				GCC_WARN_UNUSED_VARIABLE = YES;
				IPHONEOS_DEPLOYMENT_TARGET = 16.2;
				MTL_ENABLE_DEBUG_INFO = INCLUDE_SOURCE;
				MTL_FAST_MATH = YES;
				ONLY_ACTIVE_ARCH = YES;
				SDKROOT = iphoneos;
				SWIFT_ACTIVE_COMPILATION_CONDITIONS = DEBUG;
				SWIFT_OPTIMIZATION_LEVEL = "-Onone";
			};
			name = Debug;
		};
		00E76B7E2A7FF44600737136 /* Release */ = {
			isa = XCBuildConfiguration;
			buildSettings = {
				ALWAYS_SEARCH_USER_PATHS = NO;
				CLANG_ANALYZER_NONNULL = YES;
				CLANG_ANALYZER_NUMBER_OBJECT_CONVERSION = YES_AGGRESSIVE;
				CLANG_CXX_LANGUAGE_STANDARD = "gnu++20";
				CLANG_ENABLE_MODULES = YES;
				CLANG_ENABLE_OBJC_ARC = YES;
				CLANG_ENABLE_OBJC_WEAK = YES;
				CLANG_WARN_BLOCK_CAPTURE_AUTORELEASING = YES;
				CLANG_WARN_BOOL_CONVERSION = YES;
				CLANG_WARN_COMMA = YES;
				CLANG_WARN_CONSTANT_CONVERSION = YES;
				CLANG_WARN_DEPRECATED_OBJC_IMPLEMENTATIONS = YES;
				CLANG_WARN_DIRECT_OBJC_ISA_USAGE = YES_ERROR;
				CLANG_WARN_DOCUMENTATION_COMMENTS = YES;
				CLANG_WARN_EMPTY_BODY = YES;
				CLANG_WARN_ENUM_CONVERSION = YES;
				CLANG_WARN_INFINITE_RECURSION = YES;
				CLANG_WARN_INT_CONVERSION = YES;
				CLANG_WARN_NON_LITERAL_NULL_CONVERSION = YES;
				CLANG_WARN_OBJC_IMPLICIT_RETAIN_SELF = YES;
				CLANG_WARN_OBJC_LITERAL_CONVERSION = YES;
				CLANG_WARN_OBJC_ROOT_CLASS = YES_ERROR;
				CLANG_WARN_QUOTED_INCLUDE_IN_FRAMEWORK_HEADER = YES;
				CLANG_WARN_RANGE_LOOP_ANALYSIS = YES;
				CLANG_WARN_STRICT_PROTOTYPES = YES;
				CLANG_WARN_SUSPICIOUS_MOVE = YES;
				CLANG_WARN_UNGUARDED_AVAILABILITY = YES_AGGRESSIVE;
				CLANG_WARN_UNREACHABLE_CODE = YES;
				CLANG_WARN__DUPLICATE_METHOD_MATCH = YES;
				COPY_PHASE_STRIP = NO;
				DEBUG_INFORMATION_FORMAT = "dwarf-with-dsym";
				ENABLE_NS_ASSERTIONS = NO;
				ENABLE_STRICT_OBJC_MSGSEND = YES;
				GCC_C_LANGUAGE_STANDARD = gnu11;
				GCC_NO_COMMON_BLOCKS = YES;
				GCC_WARN_64_TO_32_BIT_CONVERSION = YES;
				GCC_WARN_ABOUT_RETURN_TYPE = YES_ERROR;
				GCC_WARN_UNDECLARED_SELECTOR = YES;
				GCC_WARN_UNINITIALIZED_AUTOS = YES_AGGRESSIVE;
				GCC_WARN_UNUSED_FUNCTION = YES;
				GCC_WARN_UNUSED_VARIABLE = YES;
				IPHONEOS_DEPLOYMENT_TARGET = 16.2;
				MTL_ENABLE_DEBUG_INFO = NO;
				MTL_FAST_MATH = YES;
				SDKROOT = iphoneos;
				SWIFT_COMPILATION_MODE = wholemodule;
				SWIFT_OPTIMIZATION_LEVEL = "-O";
				VALIDATE_PRODUCT = YES;
			};
			name = Release;
		};
		00E76B802A7FF44600737136 /* Debug */ = {
			isa = XCBuildConfiguration;
			baseConfigurationReference = 82F830D1A67147B0044543FE /* Pods-PokemonTCG.debug.xcconfig */;
			buildSettings = {
				ASSETCATALOG_COMPILER_APPICON_NAME = AppIcon;
				ASSETCATALOG_COMPILER_GLOBAL_ACCENT_COLOR_NAME = AccentColor;
				CODE_SIGN_STYLE = Automatic;
				CURRENT_PROJECT_VERSION = 1;
				DEVELOPMENT_TEAM = A3ZG558H3C;
				GENERATE_INFOPLIST_FILE = YES;
				INFOPLIST_FILE = PokemonTCG/Info.plist;
				INFOPLIST_KEY_UIApplicationSupportsIndirectInputEvents = YES;
				INFOPLIST_KEY_UILaunchStoryboardName = LaunchScreen;
				INFOPLIST_KEY_UIMainStoryboardFile = "";
				INFOPLIST_KEY_UISupportedInterfaceOrientations_iPad = "UIInterfaceOrientationPortrait UIInterfaceOrientationPortraitUpsideDown UIInterfaceOrientationLandscapeLeft UIInterfaceOrientationLandscapeRight";
				INFOPLIST_KEY_UISupportedInterfaceOrientations_iPhone = "UIInterfaceOrientationPortrait UIInterfaceOrientationLandscapeLeft UIInterfaceOrientationLandscapeRight";
				IPHONEOS_DEPLOYMENT_TARGET = 13.0;
				LD_RUNPATH_SEARCH_PATHS = (
					"$(inherited)",
					"@executable_path/Frameworks",
				);
				MARKETING_VERSION = 1.0;
				PRODUCT_BUNDLE_IDENTIFIER = hariobudiharjo.PokemonTCG;
				PRODUCT_NAME = "$(TARGET_NAME)";
				SWIFT_EMIT_LOC_STRINGS = YES;
				SWIFT_VERSION = 5.0;
				TARGETED_DEVICE_FAMILY = "1,2";
			};
			name = Debug;
		};
		00E76B812A7FF44600737136 /* Release */ = {
			isa = XCBuildConfiguration;
			baseConfigurationReference = 66F58A5E809CB4500832CF4B /* Pods-PokemonTCG.release.xcconfig */;
			buildSettings = {
				ASSETCATALOG_COMPILER_APPICON_NAME = AppIcon;
				ASSETCATALOG_COMPILER_GLOBAL_ACCENT_COLOR_NAME = AccentColor;
				CODE_SIGN_STYLE = Automatic;
				CURRENT_PROJECT_VERSION = 1;
				DEVELOPMENT_TEAM = A3ZG558H3C;
				GENERATE_INFOPLIST_FILE = YES;
				INFOPLIST_FILE = PokemonTCG/Info.plist;
				INFOPLIST_KEY_UIApplicationSupportsIndirectInputEvents = YES;
				INFOPLIST_KEY_UILaunchStoryboardName = LaunchScreen;
				INFOPLIST_KEY_UIMainStoryboardFile = "";
				INFOPLIST_KEY_UISupportedInterfaceOrientations_iPad = "UIInterfaceOrientationPortrait UIInterfaceOrientationPortraitUpsideDown UIInterfaceOrientationLandscapeLeft UIInterfaceOrientationLandscapeRight";
				INFOPLIST_KEY_UISupportedInterfaceOrientations_iPhone = "UIInterfaceOrientationPortrait UIInterfaceOrientationLandscapeLeft UIInterfaceOrientationLandscapeRight";
				IPHONEOS_DEPLOYMENT_TARGET = 13.0;
				LD_RUNPATH_SEARCH_PATHS = (
					"$(inherited)",
					"@executable_path/Frameworks",
				);
				MARKETING_VERSION = 1.0;
				PRODUCT_BUNDLE_IDENTIFIER = hariobudiharjo.PokemonTCG;
				PRODUCT_NAME = "$(TARGET_NAME)";
				SWIFT_EMIT_LOC_STRINGS = YES;
				SWIFT_VERSION = 5.0;
				TARGETED_DEVICE_FAMILY = "1,2";
			};
			name = Release;
		};
/* End XCBuildConfiguration section */

/* Begin XCConfigurationList section */
		00E76B662A7FF44400737136 /* Build configuration list for PBXProject "PokemonTCG" */ = {
			isa = XCConfigurationList;
			buildConfigurations = (
				00E76B7D2A7FF44600737136 /* Debug */,
				00E76B7E2A7FF44600737136 /* Release */,
			);
			defaultConfigurationIsVisible = 0;
			defaultConfigurationName = Release;
		};
		00E76B7F2A7FF44600737136 /* Build configuration list for PBXNativeTarget "PokemonTCG" */ = {
			isa = XCConfigurationList;
			buildConfigurations = (
				00E76B802A7FF44600737136 /* Debug */,
				00E76B812A7FF44600737136 /* Release */,
			);
			defaultConfigurationIsVisible = 0;
			defaultConfigurationName = Release;
		};
/* End XCConfigurationList section */
	};
	rootObject = 00E76B632A7FF44400737136 /* Project object */;
}
